
Microsoft Visual Studio Solution File, Format Version 12.00
# Visual Studio Version 17
VisualStudioVersion = 17.7.34202.233
MinimumVisualStudioVersion = 10.0.40219.1
Project("{2150E333-8FDC-42A3-9474-1A3956D46DE8}") = "Элементы решения", "Элементы решения", "{BE2D93A5-6D85-4DF7-AC98-B1809212B596}"
EndProject
Project("{8BC9CEB8-8B4A-11D0-8D11-00A0C91BC942}") = "ENGLISH(work)", "test\test.vcxproj", "{A290A62C-5D79-4B52-B727-FA64090412E4}"
EndProject
Global
	GlobalSection(SolutionConfigurationPlatforms) = preSolution
		Debug|x64 = Debug|x64
		Debug|x86 = Debug|x86
		Release|x64 = Release|x64
		Release|x86 = Release|x86
	EndGlobalSection
	GlobalSection(ProjectConfigurationPlatforms) = postSolution
		{A290A62C-5D79-4B52-B727-FA64090412E4}.Debug|x64.ActiveCfg = Debug|x64
		{A290A62C-5D79-4B52-B727-FA64090412E4}.Debug|x64.Build.0 = Debug|x64
		{A290A62C-5D79-4B52-B727-FA64090412E4}.Debug|x86.ActiveCfg = Debug|Win32
		{A290A62C-5D79-4B52-B727-FA64090412E4}.Debug|x86.Build.0 = Debug|Win32
		{A290A62C-5D79-4B52-B727-FA64090412E4}.Release|x64.ActiveCfg = Release|x64
		{A290A62C-5D79-4B52-B727-FA64090412E4}.Release|x64.Build.0 = Release|x64
		{A290A62C-5D79-4B52-B727-FA64090412E4}.Release|x86.ActiveCfg = Release|Win32
		{A290A62C-5D79-4B52-B727-FA64090412E4}.Release|x86.Build.0 = Release|Win32
	EndGlobalSection
	GlobalSection(SolutionProperties) = preSolution
		HideSolutionNode = FALSE
	EndGlobalSection
	GlobalSection(ExtensibilityGlobals) = postSolution
		SolutionGuid = {400F0173-CA43-4059-8460-5EB492ED43DE}
	EndGlobalSection
EndGlobal
